
Microsoft Visual Studio Solution File, Format Version 12.00
# Visual Studio Version 17
VisualStudioVersion = 17.6.33723.286
MinimumVisualStudioVersion = 10.0.40219.1
Project("{F184B08F-C81C-45F6-A57F-5ABD9991F28F}") = "VSTO Addins", "VSTO Addins.vbproj", "{D39BA3E5-CFCE-4568-93CB-346E9D65D59C}"
EndProject
Project("{F184B08F-C81C-45F6-A57F-5ABD9991F28F}") = "ExampleProject.Tests", "..\ExampleProject.Tests\ExampleProject.Tests.vbproj", "{5921885C-0372-4D31-B3C2-A605D09A1BAF}"
EndProject
Global
	GlobalSection(SolutionConfigurationPlatforms) = preSolution
		Debug|Any CPU = Debug|Any CPU
		Release|Any CPU = Release|Any CPU
	EndGlobalSection
	GlobalSection(ProjectConfigurationPlatforms) = postSolution
		{D39BA3E5-CFCE-4568-93CB-346E9D65D59C}.Debug|Any CPU.ActiveCfg = Debug|Any CPU
		{D39BA3E5-CFCE-4568-93CB-346E9D65D59C}.Debug|Any CPU.Build.0 = Debug|Any CPU
		{D39BA3E5-CFCE-4568-93CB-346E9D65D59C}.Release|Any CPU.ActiveCfg = Release|Any CPU
		{D39BA3E5-CFCE-4568-93CB-346E9D65D59C}.Release|Any CPU.Build.0 = Release|Any CPU
		{5921885C-0372-4D31-B3C2-A605D09A1BAF}.Debug|Any CPU.ActiveCfg = Debug|Any CPU
		{5921885C-0372-4D31-B3C2-A605D09A1BAF}.Debug|Any CPU.Build.0 = Debug|Any CPU
		{5921885C-0372-4D31-B3C2-A605D09A1BAF}.Release|Any CPU.ActiveCfg = Release|Any CPU
		{5921885C-0372-4D31-B3C2-A605D09A1BAF}.Release|Any CPU.Build.0 = Release|Any CPU
	EndGlobalSection
	GlobalSection(SolutionProperties) = preSolution
		HideSolutionNode = FALSE
	EndGlobalSection
	GlobalSection(ExtensibilityGlobals) = postSolution
		SolutionGuid = {2E6969F6-1BB6-45EC-BA45-7644E2058D70}
	EndGlobalSection
EndGlobal
